
Microsoft Visual Studio Solution File, Format Version 12.00
Project("{FAE04EC0-301F-11D3-BF4B-00C04F79EFBC}") = "ReserveApp", "ReserveApp.csproj", "{9DF0CA37-414A-470E-B467-532F11C02B5F}"
EndProject
Project("{FAE04EC0-301F-11D3-BF4B-00C04F79EFBC}") = "ReserveApp.Tests", "ReserveApp.Tests\ReserveApp.Tests.csproj", "{0A53C426-D296-4ADE-9A77-3E5EB436BDFC}"
EndProject
Global
	GlobalSection(SolutionConfigurationPlatforms) = preSolution
		Debug|Any CPU = Debug|Any CPU
		Release|Any CPU = Release|Any CPU
	EndGlobalSection
	GlobalSection(ProjectConfigurationPlatforms) = postSolution
		{9DF0CA37-414A-470E-B467-532F11C02B5F}.Debug|Any CPU.ActiveCfg = Debug|Any CPU
		{9DF0CA37-414A-470E-B467-532F11C02B5F}.Debug|Any CPU.Build.0 = Debug|Any CPU
		{9DF0CA37-414A-470E-B467-532F11C02B5F}.Release|Any CPU.ActiveCfg = Release|Any CPU
		{9DF0CA37-414A-470E-B467-532F11C02B5F}.Release|Any CPU.Build.0 = Release|Any CPU
		{0A53C426-D296-4ADE-9A77-3E5EB436BDFC}.Debug|Any CPU.ActiveCfg = Debug|Any CPU
		{0A53C426-D296-4ADE-9A77-3E5EB436BDFC}.Debug|Any CPU.Build.0 = Debug|Any CPU
		{0A53C426-D296-4ADE-9A77-3E5EB436BDFC}.Release|Any CPU.ActiveCfg = Release|Any CPU
		{0A53C426-D296-4ADE-9A77-3E5EB436BDFC}.Release|Any CPU.Build.0 = Release|Any CPU
	EndGlobalSection
EndGlobal
